
Microsoft Visual Studio Solution File, Format Version 12.00
# Visual Studio Version 17
VisualStudioVersion = 17.11.35303.130
MinimumVisualStudioVersion = 10.0.40219.1
Project("{FAE04EC0-301F-11D3-BF4B-00C04F79EFBC}") = "JapaneseCrosswordGame", "JapaneseCrosswordGame\JapaneseCrosswordGame.csproj", "{E026AF55-7838-47AC-A555-FAA3C0BBA931}"
EndProject
Global
	GlobalSection(SolutionConfigurationPlatforms) = preSolution
		Debug|Any CPU = Debug|Any CPU
		Release|Any CPU = Release|Any CPU
	EndGlobalSection
	GlobalSection(ProjectConfigurationPlatforms) = postSolution
		{E026AF55-7838-47AC-A555-FAA3C0BBA931}.Debug|Any CPU.ActiveCfg = Debug|Any CPU
		{E026AF55-7838-47AC-A555-FAA3C0BBA931}.Debug|Any CPU.Build.0 = Debug|Any CPU
		{E026AF55-7838-47AC-A555-FAA3C0BBA931}.Release|Any CPU.ActiveCfg = Release|Any CPU
		{E026AF55-7838-47AC-A555-FAA3C0BBA931}.Release|Any CPU.Build.0 = Release|Any CPU
	EndGlobalSection
	GlobalSection(SolutionProperties) = preSolution
		HideSolutionNode = FALSE
	EndGlobalSection
	GlobalSection(ExtensibilityGlobals) = postSolution
		SolutionGuid = {606665A1-D82E-41CD-ADBA-700399B6C951}
	EndGlobalSection
EndGlobal
